
Microsoft Visual Studio Solution File, Format Version 12.00
# Visual Studio Version 16
VisualStudioVersion = 16.0.31911.196
MinimumVisualStudioVersion = 10.0.40219.1
Project("{FAE04EC0-301F-11D3-BF4B-00C04F79EFBC}") = "DocumentTemplate", "DocumentTemplate\DocumentTemplate.csproj", "{98587BB4-AFDF-44FC-9BAC-A5488537A589}"
EndProject
Global
	GlobalSection(SolutionConfigurationPlatforms) = preSolution
		Debug|Any CPU = Debug|Any CPU
		Release|Any CPU = Release|Any CPU
	EndGlobalSection
	GlobalSection(ProjectConfigurationPlatforms) = postSolution
		{98587BB4-AFDF-44FC-9BAC-A5488537A589}.Debug|Any CPU.ActiveCfg = Debug|Any CPU
		{98587BB4-AFDF-44FC-9BAC-A5488537A589}.Debug|Any CPU.Build.0 = Debug|Any CPU
		{98587BB4-AFDF-44FC-9BAC-A5488537A589}.Release|Any CPU.ActiveCfg = Release|Any CPU
		{98587BB4-AFDF-44FC-9BAC-A5488537A589}.Release|Any CPU.Build.0 = Release|Any CPU
	EndGlobalSection
	GlobalSection(SolutionProperties) = preSolution
		HideSolutionNode = FALSE
	EndGlobalSection
	GlobalSection(ExtensibilityGlobals) = postSolution
		SolutionGuid = {94E0DD62-77AF-43F5-BADD-F5410CD2265A}
	EndGlobalSection
EndGlobal
